version = 1
revision = 3
requires-python = ">=3.14"
resolution-markers = [
    "sys_platform == 'win32'",
    "sys_platform != 'win32'",
]

[[package]]
name = "accessible-media-converter"
version = "1.13.0"
source = { virtual = "." }
dependencies = [
    { name = "accessible-output2" },
    { name = "wxpython" },
]

[package.dev-dependencies]
dev = [
    { name = "polib" },
    { name = "pyinstaller" },
]

[package.metadata]
requires-dist = [
    { name = "accessible-output2", specifier = ">=0.17" },
    { name = "wxpython", specifier = ">=4.2.1" },
]

[package.metadata.requires-dev]
dev = [
    { name = "polib", specifier = ">=1.2" },
    { name = "pyinstaller", specifier = ">=6.19" },
]

[[package]]
name = "accessible-output2"
version = "0.17"
source = { registry = "https://pypi.org/simple" }
dependencies = [
    { name = "appscript", marker = "sys_platform == 'darwin'" },
    { name = "libloader" },
    { name = "platform-utils" },
    { name = "pywin32", marker = "sys_platform == 'win32'" },
]
sdist = { url = "https://files.pythonhosted.org/packages/ae/d1/e877ce1c6a44abd054543420351d91dd2d5c988364a15e9b81e13b3c65c7/accessible_output2-0.17.tar.gz", hash = "sha256:592da28fbbbd538e81ecd17236aaef3c5b86cdee8fbf3f6f2b8b81bcebd99389", size = 805311, upload-time = "2022-07-09T19:15:14.404Z" }
wheels = [
    { url = "https://files.pythonhosted.org/packages/02/8e/2bb81f845d8f3ecb07acd094544ecbf0c0e02f80364e35fdabaec96ee6dc/accessible_output2-0.17-py2.py3-none-any.whl", hash = "sha256:bdcfc5f2c8ecb50b219fa7d547018dd0c99dfa4c56b506872c74f5dc941a3288", size = 809028, upload-time = "2022-07-09T19:15:12.49Z" },
]

[[package]]
name = "altgraph"
version = "0.17.5"
source = { registry = "https://pypi.org/simple" }
sdist = { url = "https://files.pythonhosted.org/packages/7e/f8/97fdf103f38fed6792a1601dbc16cc8aac56e7459a9fff08c812d8ae177a/altgraph-0.17.5.tar.gz", hash = "sha256:c87b395dd12fabde9c99573a9749d67da8d29ef9de0125c7f536699b4a9bc9e7", size = 48428, upload-time = "2025-11-21T20:35:50.583Z" }
wheels = [
    { url = "https://files.pythonhosted.org/packages/a9/ba/000a1996d4308bc65120167c21241a3b205464a2e0b58deda26ae8ac21d1/altgraph-0.17.5-py2.py3-none-any.whl", hash = "sha256:f3a22400bce1b0c701683820ac4f3b159cd301acab067c51c653e06961600597", size = 21228, upload-time = "2025-11-21T20:35:49.444Z" },
]

[[package]]
name = "appscript"
version = "1.4.0"
source = { registry = "https://pypi.org/simple" }
dependencies = [
    { name = "lxml", marker = "sys_platform != 'win32'" },
]
sdist = { url = "https://files.pythonhosted.org/packages/ca/52/2fa70edfd98f0058219ecc2e365a3ba7aabd42db14ff9d7f44bbdcc5400d/appscript-1.4.0.tar.gz", hash = "sha256:b2c6fc770bf822ea45529c7084bc0ee340e67ab260016b01d28e0449ec8723be", size = 295279, upload-time = "2025-10-08T07:56:39.126Z" }
wheels = [
    { url = "https://files.pythonhosted.org/packages/4d/15/748adf302d8f1f8f975bb26c1b918d84f1d39bb6c4730e0b91f551297984/appscript-1.4.0-cp314-cp314-macosx_10_13_universal2.whl", hash = "sha256:1a5747425d2a5732e2854cab0d0dc893ef077cabd7d57f7ec4caea2ac313e19f", size = 99700, upload-time = "2025-10-08T07:56:37.313Z" },
    { url = "https://files.pythonhosted.org/packages/dd/e3/03dc0f97eab839f72061342d69bd34424e89876ce4026509aab3d74d4f23/appscript-1.4.0-cp314-cp314-macosx_10_13_x86_64.whl", hash = "sha256:5efce3302c00674b769b79938cc5f66f7791ef45c6419e850a5f1c8f9fcefcc1", size = 85610, upload-time = "2025-10-08T07:56:38.103Z" },
]

[[package]]
name = "libloader"
version = "1.4.3"
source = { registry = "https://pypi.org/simple" }
dependencies = [
    { name = "pywin32", marker = "sys_platform == 'win32'" },
]
sdist = { url = "https://files.pythonhosted.org/packages/d4/dd/58864bd93f74cd227996cec701713e27f6a57b1c189747cfefc9c9c2e00e/libloader-1.4.3.tar.gz", hash = "sha256:9c56b1ee2e866e314c35d1095d1e3b99c1c762e89a27bf26c98bd65d58f4e182", size = 6165, upload-time = "2026-01-14T03:18:21.731Z" }
wheels = [
    { url = "https://files.pythonhosted.org/packages/97/cb/dac60d530791146d52e2dab3a16531963d03899ea37eec77cc03ea8c281d/libloader-1.4.3-py3-none-any.whl", hash = "sha256:4cfd541496bed79a2b5f72c316e16312ce1dd72fab6ed837801aa5e53299d6da", size = 6190, upload-time = "2026-01-14T03:18:20.84Z" },
]

[[package]]
name = "lxml"
version = "6.1.1"
source = { registry = "https://pypi.org/simple" }
sdist = { url = "https://files.pythonhosted.org/packages/05/3b/aab6728cae887456f409b4d75e8a01856e4f04bd510de38052a47768b680/lxml-6.1.1.tar.gz", hash = "sha256:ba96ae44888e0185281e937633a743ea90d5a196c6000f82565ebb0580012d40", size = 4197430, upload-time = "2026-05-18T19:19:06.424Z" }
wheels = [
    { url = "https://files.pythonhosted.org/packages/13/e2/2e325795566de01d0d7c3bb57d3c370616b2d07b01214e84eec5d3b10963/lxml-6.1.1-cp314-cp314-macosx_10_15_universal2.whl", hash = "sha256:19b7ab10b210b0b3ad7985d9ac4eb66ab09a90b20fe6e2f7ba55d01a234345d0", size = 8577146, upload-time = "2026-05-18T19:18:17.765Z" },
    { url = "https://files.pythonhosted.org/packages/93/cf/5630b5e4be7d2e6bee8efe83865c925221103cf0221303b104ce134b01e2/lxml-6.1.1-cp314-cp314-macosx_10_15_x86_64.whl", hash = "sha256:c08e5c694306507275f2290073350c4f32e383db15213b2c69e7ff39c1193840", size = 4623866, upload-time = "2026-05-18T19:18:30.669Z" },
    { url = "https://files.pythonhosted.org/packages/78/b2/00ed55b3a2efa4658fb795c38d1090ec9b3e8a6c3683d4441fa517f09c3b/lxml-6.1.1-cp314-cp314t-macosx_10_15_universal2.whl", hash = "sha256:787b2496d0dbe8cd180984e8d29e3a6f76e7ea34db781cb3bd55e4ba1ef8b4ee", size = 8827545, upload-time = "2026-05-18T19:18:41.193Z" },
    { url = "https://files.pythonhosted.org/packages/c0/73/74573db19baa618d5f266f2407898b087ff6927115b00b71e5fc1b700847/lxml-6.1.1-cp314-cp314t-macosx_10_15_x86_64.whl", hash = "sha256:2c8daa471358dc2d6fcf02165e80ec68f77871a286df95bc5cc3816153b0fd2c", size = 4735736, upload-time = "2026-05-18T19:18:46.761Z" },
]

[[package]]
name = "macholib"
version = "1.16.4"
source = { registry = "https://pypi.org/simple" }
dependencies = [
    { name = "altgraph", marker = "sys_platform != 'win32'" },
]
sdist = { url = "https://files.pythonhosted.org/packages/10/2f/97589876ea967487978071c9042518d28b958d87b17dceb7cdc1d881f963/macholib-1.16.4.tar.gz", hash = "sha256:f408c93ab2e995cd2c46e34fe328b130404be143469e41bc366c807448979362", size = 59427, upload-time = "2025-11-22T08:28:38.373Z" }
wheels = [
    { url = "https://files.pythonhosted.org/packages/c7/d1/a9f36f8ecdf0fb7c9b1e78c8d7af12b8c8754e74851ac7b94a8305540fc7/macholib-1.16.4-py2.py3-none-any.whl", hash = "sha256:da1a3fa8266e30f0ce7e97c6a54eefaae8edd1e5f86f3eb8b95457cae90265ea", size = 38117, upload-time = "2025-11-22T08:28:36.939Z" },
]

[[package]]
name = "packaging"
version = "26.3"
source = { registry = "https://pypi.org/simple" }
sdist = { url = "https://files.pythonhosted.org/packages/7d/fa/3944b40b07da9ce895c0e6303a5ab7d53da063554f534556b134a54d6093/packaging-26.3.tar.gz", hash = "sha256:94edc256424af38762eb31306eed28beb9f0efc50a8837492c9d6fd6004aed79", size = 313412, upload-time = "2026-08-04T18:15:28.737Z" }
wheels = [
    { url = "https://files.pythonhosted.org/packages/63/34/ba1c580383c9eada3711951fef0795c80b829a078d72188184bcab9dd527/packaging-26.3-py3-none-any.whl", hash = "sha256:d7193f7c8e4e93f444fde0262bf90af30e16fa0ad0ad44cb553c87339b23cd1c", size = 129956, upload-time = "2026-08-04T18:15:27.159Z" },
]

[[package]]
name = "pefile"
version = "2024.8.26"
source = { registry = "https://pypi.org/simple" }
sdist = { url = "https://files.pythonhosted.org/packages/03/4f/2750f7f6f025a1507cd3b7218691671eecfd0bbebebe8b39aa0fe1d360b8/pefile-2024.8.26.tar.gz", hash = "sha256:3ff6c5d8b43e8c37bb6e6dd5085658d658a7a0bdcd20b6a07b1fcfc1c4e9d632", size = 76008, upload-time = "2024-08-26T20:58:38.155Z" }
wheels = [
    { url = "https://files.pythonhosted.org/packages/54/16/12b82f791c7f50ddec566873d5bdd245baa1491bac11d15ffb98aecc8f8b/pefile-2024.8.26-py3-none-any.whl", hash = "sha256:76f8b485dcd3b1bb8166f1128d395fa3d87af26360c2358fb75b80019b957c6f", size = 74766, upload-time = "2024-08-26T21:01:02.632Z" },
]

[[package]]
name = "platform-utils"
version = "1.6.3"
source = { registry = "https://pypi.org/simple" }
dependencies = [
    { name = "platformdirs" },
    { name = "pywin32", marker = "sys_platform == 'win32'" },
]
sdist = { url = "https://files.pythonhosted.org/packages/65/4f/d85d019ab78decb26cc9de50fb963125584febe583320f0d7d1f2e7dfac2/platform_utils-1.6.3.tar.gz", hash = "sha256:3782597b34642af86641af4576ee24b29db7da4a81365b108766501d58c83bf3", size = 15094, upload-time = "2026-07-23T20:55:08.489Z" }
wheels = [
    { url = "https://files.pythonhosted.org/packages/c9/9b/63c8c41e8660ee0d112952ecbc55499781903a8067d2de8815c14b7e5230/platform_utils-1.6.3-py3-none-any.whl", hash = "sha256:e0be07c347d572100b4f4d746cbf4126f30f39f3079b02a824a4a6cfc6c9ec10", size = 10350, upload-time = "2026-07-23T20:55:07.404Z" },
]

[[package]]
name = "platformdirs"
version = "4.11.3"
source = { registry = "https://pypi.org/simple" }
sdist = { url = "https://files.pythonhosted.org/packages/b8/d7/e7bfbc86e9f99ff7807e24de7703f032e9c9ba80bb355cf26e0e9bc5a75e/platformdirs-4.11.3.tar.gz", hash = "sha256:66a73d38a849810252df809a3d8bcbda8e26f6c189920e7535ad608a48dbb5ab", size = 33050, upload-time = "2026-08-13T22:43:27.52Z" }
wheels = [
    { url = "https://files.pythonhosted.org/packages/19/a9/c34aebedd3a4c9afe5101b1b8713710b3fec18087c8a36c35d2f909861bd/platformdirs-4.11.3-py3-none-any.whl", hash = "sha256:5ed065d443751de711da036041a7a214122efc4a4de393b3f4137ba5576540e7", size = 23491, upload-time = "2026-08-13T22:43:26.121Z" },
]

[[package]]
name = "polib"
version = "1.2.0"
source = { registry = "https://pypi.org/simple" }
sdist = { url = "https://files.pythonhosted.org/packages/10/9a/79b1067d27e38ddf84fe7da6ec516f1743f31f752c6122193e7bce38bdbf/polib-1.2.0.tar.gz", hash = "sha256:f3ef94aefed6e183e342a8a269ae1fc4742ba193186ad76f175938621dbfc26b", size = 161658, upload-time = "2023-02-23T17:53:56.873Z" }
wheels = [
    { url = "https://files.pythonhosted.org/packages/6b/99/45bb1f9926efe370c6dbe324741c749658e44cb060124f28dad201202274/polib-1.2.0-py2.py3-none-any.whl", hash = "sha256:1c77ee1b81feb31df9bca258cbc58db1bbb32d10214b173882452c73af06d62d", size = 20634, upload-time = "2023-02-23T17:53:59.919Z" },
]

[[package]]
name = "pyinstaller"
version = "6.22.0"
source = { registry = "https://pypi.org/simple" }
dependencies = [
    { name = "altgraph" },
    { name = "macholib", marker = "sys_platform == 'darwin'" },
    { name = "packaging" },
    { name = "pefile", marker = "sys_platform == 'win32'" },
    { name = "pyinstaller-hooks-contrib" },
    { name = "pywin32-ctypes", marker = "sys_platform == 'win32'" },
    { name = "setuptools" },
]
sdist = { url = "https://files.pythonhosted.org/packages/05/03/669d06735cf57d7e2e5dfc3c2e1643554b34c559eff21449c58172ca0335/pyinstaller-6.22.0.tar.gz", hash = "sha256:8b0166fff4583b374bbe7fa044bf03ddc33cab0f792a665807d96048e63f060e", size = 4072247, upload-time = "2026-08-08T13:34:52.418Z" }
wheels = [
    { url = "https://files.pythonhosted.org/packages/da/c7/abe1ca65ab55e615961df1b978b997129a8488ab9dc0931dc7664bdc4c99/pyinstaller-6.22.0-py3-none-macosx_10_13_universal2.whl", hash = "sha256:d7c7c5b149f7f9b37585b37e2376f774038b6a5633ba34db0de2698f75391e13", size = 1058495, upload-time = "2026-08-08T13:33:46.963Z" },
    { url = "https://files.pythonhosted.org/packages/17/d0/b7874153bd034fcfe0f47abe1140b49d436e262a3ad18cd52ba86be6358c/pyinstaller-6.22.0-py3-none-manylinux2014_aarch64.whl", hash = "sha256:f92f78a9c463b884d57f90c7459c0cb263ccd26a499356bbfac7a5f41fd5b93f", size = 752753, upload-time = "2026-08-08T13:33:51.247Z" },
    { url = "https://files.pythonhosted.org/packages/b9/45/810aee0ad8c137667f2685783cde14c8517357ba08e1c54599ba77547578/pyinstaller-6.22.0-py3-none-manylinux2014_i686.whl", hash = "sha256:f6c750c8ae999cc5520ddbce4263ac3ece96db04ba359ef20acacd81bccc201b", size = 765543, upload-time = "2026-08-08T13:33:55.44Z" },
    { url = "https://files.pythonhosted.org/packages/96/36/24af3e59ca090ae1c0ba9daaeaa10125e99b767df5e3ab06384b516ff1e7/pyinstaller-6.22.0-py3-none-manylinux2014_ppc64le.whl", hash = "sha256:0a20c37761851100f422ec261f513f46d8e57100ea22886b9ff7a6c346104bd8", size = 764130, upload-time = "2026-08-08T13:33:59.623Z" },
    { url = "https://files.pythonhosted.org/packages/45/17/92cb544e29ad867bcf5a06efd63dcf93af7c662f2121333b99409615b50b/pyinstaller-6.22.0-py3-none-manylinux2014_s390x.whl", hash = "sha256:e6859e80b9c7dccb8a1687c5ed4644a722b370c2aa13e8a9ca5ebf5f9bb842ce", size = 759221, upload-time = "2026-08-08T13:34:03.687Z" },
    { url = "https://files.pythonhosted.org/packages/ea/aa/3733a6f590075c8a6678072480ee22f7b0237f7952b2c1521d5aafa15514/pyinstaller-6.22.0-py3-none-manylinux2014_x86_64.whl", hash = "sha256:b07ac9fd1d661ae4d0af6752c3941e4e5576a16cfe7e2d6504a32d57e17d0acc", size = 759087, upload-time = "2026-08-08T13:34:08.012Z" },
    { url = "https://files.pythonhosted.org/packages/f8/b0/300a00798920d5e8e52f71fb0ceb2955a71c24814eaf6c086aeb95944049/pyinstaller-6.22.0-py3-none-musllinux_1_1_aarch64.whl", hash = "sha256:7885de3c830356b0990b27fe164f2b008fb4a18560bac884cf33985f61469f44", size = 758597, upload-time = "2026-08-08T13:34:12.164Z" },
    { url = "https://files.pythonhosted.org/packages/3c/ba/3c5f8cbe3686f8080eadadee10a0da4c7af3eaff72998165d5f5174f5a40/pyinstaller-6.22.0-py3-none-musllinux_1_1_x86_64.whl", hash = "sha256:81dc305c16510c1f9ead6d115b66f381e3d3453ecb96653099c51aa3050420d1", size = 758149, upload-time = "2026-08-08T13:34:16.381Z" },
    { url = "https://files.pythonhosted.org/packages/b6/66/f7de05fa65b141cbd83bf61f56730b3f5249820a4de026e11feadffca3c8/pyinstaller-6.22.0-py3-none-win32.whl", hash = "sha256:6f527c1345d5010682587aebc2f0c1cc34a9b1f200424969c7bfda723cddc074", size = 1341311, upload-time = "2026-08-08T13:34:23.386Z" },
    { url = "https://files.pythonhosted.org/packages/3a/a7/0ea60e966a0da82961ecba80177627fae28fdda5127993281db479ee46fc/pyinstaller-6.22.0-py3-none-win_amd64.whl", hash = "sha256:6e5f3656de100954bf5db25536c43e097e46d482843a96d03a0852bf266e4853", size = 1403046, upload-time = "2026-08-08T13:34:30.352Z" },
    { url = "https://files.pythonhosted.org/packages/47/9a/71fbfdeffc60107c8256436ea62eb39dd35266164f721091242924363747/pyinstaller-6.22.0-py3-none-win_arm64.whl", hash = "sha256:b1233da63926be213cdfbfbb314735bc7762136ed772b1082e1b0a2d7ed896b5", size = 1350592, upload-time = "2026-08-08T13:34:36.532Z" },
]

[[package]]
name = "pyinstaller-hooks-contrib"
version = "2026.6"
source = { registry = "https://pypi.org/simple" }
dependencies = [
    { name = "packaging" },
]
sdist = { url = "https://files.pythonhosted.org/packages/94/5b/c9fe0db5e83ee1c39b2258fa21d23b15e1a60786b6c5990ee5074ead8bb6/pyinstaller_hooks_contrib-2026.6.tar.gz", hash = "sha256:bef5002c32f4f50bd55b005da12cff64eca8783e7eaf86a06a62410164bab725", size = 173354, upload-time = "2026-06-08T22:37:16.152Z" }
wheels = [
    { url = "https://files.pythonhosted.org/packages/e7/31/f2d7343d8ed5f7c4678377886f6ce533e6eaaa131b252ce950114c2a7efa/pyinstaller_hooks_contrib-2026.6-py3-none-any.whl", hash = "sha256:fd13b8ac126b35361175edacd41a0d97080b75dd5f4b594ecefefff969509dd3", size = 457159, upload-time = "2026-06-08T22:37:14.722Z" },
]

[[package]]
name = "pywin32"
version = "312"
source = { registry = "https://pypi.org/simple" }
wheels = [
    { url = "https://files.pythonhosted.org/packages/fc/2b/1f3cded5822fd49c02f40544cbb5f58c7cfd6b1694869fd476cb6170ee97/pywin32-312-cp314-cp314-win32.whl", hash = "sha256:a77a90fbb6881238d2ca9c6fd797b25817f3768fe78d214a90137ff055a75f5b", size = 6468928, upload-time = "2026-06-04T07:49:43.188Z" },
    { url = "https://files.pythonhosted.org/packages/21/82/3bf86d2e2808902013132e1ce905a7da0da53790f3836c64bf44d55e24f3/pywin32-312-cp314-cp314-win_amd64.whl", hash = "sha256:a4dd3a848290ef724347b19f301045831d8e802fa4464f491b98b1e0a081432e", size = 7024157, upload-time = "2026-06-04T07:49:45.34Z" },
    { url = "https://files.pythonhosted.org/packages/a4/0e/73f6d6800b4f27655abd9e9f6aaeaefcddb2b946e4674efa2bab184a7f7b/pywin32-312-cp314-cp314-win_arm64.whl", hash = "sha256:9fce94568364e0155e6dfb781ac5d95903be8baf28670632beab1b523f300daa", size = 6839598, upload-time = "2026-06-04T07:49:47.613Z" },
    { url = "https://files.pythonhosted.org/packages/eb/61/caa39686032d2ebdd04ff0ab5cbe163126c0066d98e00c9018646e42393b/pywin32-312-cp315-cp315-win32.whl", hash = "sha256:5c1fbe4a937a73ae9297384a3da38518cbc694c68ad8a809b2e19acd350f03ed", size = 6471159, upload-time = "2026-06-04T07:49:50.035Z" },
    { url = "https://files.pythonhosted.org/packages/0f/cd/7e1de64a4a6f69c04214169657ccab0d93a670ea50e35eb8f489d7378249/pywin32-312-cp315-cp315-win_amd64.whl", hash = "sha256:c2f03a0f73f804a13c2735b99392b0cd426bb4f2c4d0178e5ac966a0f21618d5", size = 7025293, upload-time = "2026-06-04T07:49:54.857Z" },
    { url = "https://files.pythonhosted.org/packages/23/ed/4532e9388e65fa16b46776ef47ad631a64eda1631884488af707666350ed/pywin32-312-cp315-cp315-win_arm64.whl", hash = "sha256:a8597d28f267b39074aef51fa593530082b39cbe5a074226096857b1fed2dfb9", size = 6840337, upload-time = "2026-06-04T07:49:57.531Z" },
]

[[package]]
name = "pywin32-ctypes"
version = "0.2.3"
source = { registry = "https://pypi.org/simple" }
sdist = { url = "https://files.pythonhosted.org/packages/85/9f/01a1a99704853cb63f253eea009390c88e7131c67e66a0a02099a8c917cb/pywin32-ctypes-0.2.3.tar.gz", hash = "sha256:d162dc04946d704503b2edc4d55f3dba5c1d539ead017afa00142c38b9885755", size = 29471, upload-time = "2024-08-14T10:15:34.626Z" }
wheels = [
    { url = "https://files.pythonhosted.org/packages/de/3d/8161f7711c017e01ac9f008dfddd9410dff3674334c233bde66e7ba65bbf/pywin32_ctypes-0.2.3-py3-none-any.whl", hash = "sha256:8a1513379d709975552d202d942d9837758905c8d01eb82b8bcc30918929e7b8", size = 30756, upload-time = "2024-08-14T10:15:33.187Z" },
]

[[package]]
name = "setuptools"
version = "82.0.1"
source = { registry = "https://pypi.org/simple" }
sdist = { url = "https://files.pythonhosted.org/packages/4f/db/cfac1baf10650ab4d1c111714410d2fbb77ac5a616db26775db562c8fab2/setuptools-82.0.1.tar.gz", hash = "sha256:7d872682c5d01cfde07da7bccc7b65469d3dca203318515ada1de5eda35efbf9", size = 1152316, upload-time = "2026-03-09T12:47:17.221Z" }
wheels = [
    { url = "https://files.pythonhosted.org/packages/9d/76/f789f7a86709c6b087c5a2f52f911838cad707cc613162401badc665acfe/setuptools-82.0.1-py3-none-any.whl", hash = "sha256:a59e362652f08dcd477c78bb6e7bd9d80a7995bc73ce773050228a348ce2e5bb", size = 1006223, upload-time = "2026-03-09T12:47:15.026Z" },
]

[[package]]
name = "wxpython"
version = "4.3.1"
source = { registry = "https://pypi.org/simple" }
sdist = { url = "https://files.pythonhosted.org/packages/3d/dd/026f6286f8beefcdd9551ad2e05b4e3edb45e638cdc067db211c53c950ce/wxpython-4.3.1.tar.gz", hash = "sha256:4e3a95b63175be8e10f0662de506a36d8cc6cb86ecc5b30ae880c8dafb34a0cd", size = 64071924, upload-time = "2026-07-30T01:11:13.852Z" }
wheels = [
    { url = "https://files.pythonhosted.org/packages/d2/6b/b526cadb25bcf95f29e899198b8fb5d443bdf7f34122298a0cdb2783ba5b/wxpython-4.3.1-cp314-cp314-macosx_10_15_x86_64.whl", hash = "sha256:a5e771bb8a6115ca3f52facb66e661c341591def4ae5bcc1616ce824323697cc", size = 20027593, upload-time = "2026-07-30T01:10:54.332Z" },
    { url = "https://files.pythonhosted.org/packages/f1/cd/93e944a4c072325787cc226c8987c339db3e313fe684314305bfaff15070/wxpython-4.3.1-cp314-cp314-macosx_11_0_arm64.whl", hash = "sha256:6e4ad9bae9758bde843d9d4d713421451b2d90858805611c8a5ad3844b8ca66f", size = 18827057, upload-time = "2026-07-30T01:10:57.836Z" },
    { url = "https://files.pythonhosted.org/packages/d0/bc/76f8ed6d9b8484a32d60cfac804056f7b28c66d1c8c461e283d1d967d4de/wxpython-4.3.1-cp314-cp314-win32.whl", hash = "sha256:f2a0721f56ad45bfea1edae8cf9de662c4048647bbd25e55f8d73644d26aba72", size = 16662676, upload-time = "2026-07-30T01:11:01.344Z" },
    { url = "https://files.pythonhosted.org/packages/16/73/ff21c019e8aaad5eb563859559ba2a4f6efd0581834703db993d64abea97/wxpython-4.3.1-cp314-cp314-win_amd64.whl", hash = "sha256:bbb4cefea441cba77f81b0ac2f7445f0ad01f18fee3b72a78ed48298b3f8f0ab", size = 18967348, upload-time = "2026-07-30T01:11:04.774Z" },
    { url = "https://files.pythonhosted.org/packages/0a/10/97d4671cd565cf156dcb3223a45cad34236ed1825a2abf0c5c815ad2daec/wxpython-4.3.1-cp314-cp314-win_arm64.whl", hash = "sha256:d69d21344d92488465e32118363d2ef307aee54f9d33a0826180e6bee8fbfd91", size = 16622520, upload-time = "2026-07-30T01:11:08.148Z" },
]
